<?xml version="1.0" encoding="utf-8"?>
<Project ToolsVersion="4.0" xmlns="http://schemas.microsoft.com/developer/msbuild/2003">
  <ItemGroup>
    <Filter Include="Source Files">
      <UniqueIdentifier>{4FC737F1-C7A5-4376-A066-2A32D752A2FF}</UniqueIdentifier>
      <Extensions>cpp;c;cc;cxx;def;odl;idl;hpj;bat;asm;asmx</Extensions>
    </Filter>
    <Filter Include="Header Files">
      <UniqueIdentifier>{93995380-89BD-4b04-88EB-625FBE52EBFB}</UniqueIdentifier>
      <Extensions>h;hh;hpp;hxx;hm;inl;inc;ipp;xsd</Extensions>
    </Filter>
    <Filter Include="Resource Files">
      <UniqueIdentifier>{67DA6AB6-F800-4c08-8B7A-83BB121AAD01}</UniqueIdentifier>
      <Extensions>rc;ico;cur;bmp;dlg;rc2;rct;bin;rgs;gif;jpg;jpeg;jpe;resx;tiff;tif;png;wav;mfcribbon-ms</Extensions>
    </Filter>
  </ItemGroup>
  <ItemGroup>
    <ClCompile Include="Source.cpp">
      <Filter>Source Files</Filter>
    </ClCompile>
    <ClCompile Include="VerificareAlfabet.cpp">
      <Filter>Source Files</Filter>
    </ClCompile>
    <ClCompile Include="PCA.cpp">
      <Filter>Source Files</Filter>
    </ClCompile>
    <ClCompile Include="EcuatieAlgebricaInR.cpp">
      <Filter>Source Files</Filter>
    </ClCompile>
    <ClCompile Include="Norme.cpp">
      <Filter>Source Files</Filter>
    </ClCompile>
    <ClCompile Include="AckermannListe.cpp">
      <Filter>Source Files</Filter>
    </ClCompile>
    <ClCompile Include="Binar.cpp">
      <Filter>Source Files</Filter>
    </ClCompile>
    <ClCompile Include="Regine.cpp">
      <Filter>Source Files</Filter>
    </ClCompile>
    <ClCompile Include="ComisVoiajor.cpp">
      <Filter>Source Files</Filter>
    </ClCompile>
    <ClCompile Include="Perspico.cpp">
      <Filter>Source Files</Filter>
    </ClCompile>
    <ClCompile Include="SumaTriunghi.cpp">
      <Filter>Source Files</Filter>
    </ClCompile>
  </ItemGroup>
  <ItemGroup>
    <ClInclude Include="VerificareAlfabet.h">
      <Filter>Header Files</Filter>
    </ClInclude>
    <ClInclude Include="PCA.h">
      <Filter>Header Files</Filter>
    </ClInclude>
    <ClInclude Include="EcuatieAlgebricaInR.h">
      <Filter>Header Files</Filter>
    </ClInclude>
    <ClInclude Include="Norme.h">
      <Filter>Header Files</Filter>
    </ClInclude>
    <ClInclude Include="AckermannListe.h">
      <Filter>Header Files</Filter>
    </ClInclude>
    <ClInclude Include="Binar.h">
      <Filter>Header Files</Filter>
    </ClInclude>
    <ClInclude Include="Regine.h">
      <Filter>Header Files</Filter>
    </ClInclude>
    <ClInclude Include="ComisVoiajor.h">
      <Filter>Header Files</Filter>
    </ClInclude>
    <ClInclude Include="Perspico.h">
      <Filter>Header Files</Filter>
    </ClInclude>
    <ClInclude Include="SumaTriunghi.h">
      <Filter>Header Files</Filter>
    </ClInclude>
  </ItemGroup>
  <ItemGroup>
    <Text Include="comis.txt" />
  </ItemGroup>
</Project>